
Microsoft Visual Studio Solution File, Format Version 12.00
# Visual Studio Version 17
VisualStudioVersion = 17.0.31919.166
MinimumVisualStudioVersion = 10.0.40219.1
Project("{FAE04EC0-301F-11D3-BF4B-00C04F79EFBC}") = "amogus", "amogus\amogus.csproj", "{FC86899E-5F99-47AB-8620-26DF6E93F090}"
EndProject
Global
	GlobalSection(SolutionConfigurationPlatforms) = preSolution
		Debug|Any CPU = Debug|Any CPU
		Release|Any CPU = Release|Any CPU
	EndGlobalSection
	GlobalSection(ProjectConfigurationPlatforms) = postSolution
		{FC86899E-5F99-47AB-8620-26DF6E93F090}.Debug|Any CPU.ActiveCfg = Debug|Any CPU
		{FC86899E-5F99-47AB-8620-26DF6E93F090}.Debug|Any CPU.Build.0 = Debug|Any CPU
		{FC86899E-5F99-47AB-8620-26DF6E93F090}.Release|Any CPU.ActiveCfg = Release|Any CPU
		{FC86899E-5F99-47AB-8620-26DF6E93F090}.Release|Any CPU.Build.0 = Release|Any CPU
	EndGlobalSection
	GlobalSection(SolutionProperties) = preSolution
		HideSolutionNode = FALSE
	EndGlobalSection
	GlobalSection(ExtensibilityGlobals) = postSolution
		SolutionGuid = {9F84C093-328D-45D8-BADD-9E628A3A8FC8}
	EndGlobalSection
EndGlobal
